hash: 6fdedb25d0a3491754c2eeb11bb826c39360df59b86df781c23d93a4805aa0fe
updated: 2017-08-24T09:11:57.216819573+08:00
imports:
- name: cloud.google.com/go
  version: 44bcd0b2078ba5e7fedbeb36808d1ed893534750
  subpackages:
  - compute
- name: github.com/codegangsta/cli
  version: f017f86fccc5a039a98f23311f34fdf78b014f78
- name: github.com/coreos/etcd
  version: 1408b337b67d4cb8355b3666b7eb8aaefbbfc167
- name: github.com/davecgh/go-spew
  version: 5215b55f46b2b919f50a1df0eaa5886afe4e3b3d
  subpackages:
  - spew
- name: github.com/eapache/go-resiliency
  version: 6800482f2c813e689c88b7ed3282262385011890
  subpackages:
  - breaker
- name: github.com/eapache/go-xerial-snappy
  version: bb955e01b9346ac19dc29eb16586c90ded99a98c
- name: github.com/eapache/queue
  version: d1df561eb6b9ffdac8dd98f943e9e9096c76c059
- name: github.com/fatih/structs
  version: 7e5a8eef611ee84dd359503f3969f80df4c50723
- name: github.com/golang/geo
  version: 31fb0106dc4a947e5aaee1fe186e56447f839510
- name: github.com/golang/glog
  version: 23def4e6c14b4da8ac2ed8007337bc5eb5007998
- name: github.com/golang/mock
  version: 18f6dd13ccdd227b8ebc546ca95cd62a02f3970c
- name: github.com/golang/protobuf
  version: 8ee79997227bf9b34611aee7946ae64735e6fd93
  subpackages:
  - proto
- name: github.com/golang/snappy
  version: 1963d058044b19e16595f80d5050fa54e2070438
- name: github.com/google/go-cmp
  version: 8099a9787ce5dc5984ed879a3bda47dc730a8e97
- name: github.com/google/pprof
  version: c1e71a7081001f9be5d1286d1fda9c46714929d9
- name: github.com/googleapis/gax-go
  version: 84ed26760e7f6f80887a2fbfb50db3cc415d2cea
- name: github.com/gorilla/context
  version: 215affda49addc4c8ef7e2534915df2c8c35c6cd
- name: github.com/gorilla/mux
  version: 8096f47503459bcc74d1f4c487b7e6e42e5746b5
- name: github.com/mailgun/cfg
  version: 5ed4f321104e9e9ea048aa396c7db39dd1edf4ee
- name: github.com/mailgun/holster
  version: 91db52db577949c04574aa1e5ca38c36ab92e4c0
  subpackages:
  - errors
  - stack
- name: github.com/mailgun/logrus-hooks
  version: 5ee121b6e962bf95caf2804f475bfcb9305ba6f6
  subpackages:
  - common
  - kafkahook
  - levelfilter
- name: github.com/mailgun/mailgun-go
  version: a4002e2df2e8ca2da6a6fbb4a72871b504e49f50
- name: github.com/mailgun/metrics
  version: fd99b46995bd989df0d163e320e18ea7285f211f
- name: github.com/mailgun/sandra
  version: 66cd1fdf13827288e21cdcf31207b19eea0eeeb0
- name: github.com/mailru/easyjson
  version: 2f5df55504ebc322e4d52d34df6a1f5b503bf26d
  subpackages:
  - buffer
  - jlexer
  - jwriter
- name: github.com/pierrec/lz4
  version: 90290f74b1b4d9c097f0a3b3c7eba2ef3875c699
- name: github.com/pierrec/xxHash
  version: 5a004441f897722c627870a981d02b29924215fa
  subpackages:
  - xxHash32
- name: github.com/pkg/errors
  version: 248dadf4e9068a0b3e79f02ed0a610d935de5302
- name: github.com/rcrowley/go-metrics
  version: 1f30fe9094a513ce4c700b9a54458bbb0c96996c
- name: github.com/samuel/go-zookeeper
  version: 1d7be4effb13d2d908342d349d71a284a7542693
  subpackages:
  - zk
- name: github.com/Shopify/sarama
  version: c01858abb625b73a3af51d0798e4ad42c8147093
- name: github.com/sirupsen/logrus
  version: 7f976d3a76720c4c27af2ba716b85d2e0a7e38b1
  subpackages:
  - hooks/syslog
- name: github.com/spf13/cast
  version: acbeb36b902d72a7a4c18e8f3241075e7ab763e4
- name: github.com/thrawn01/args
  version: 1cbcd84b8f3ef6e4e30b24aaf614aeb6776f227b
- name: github.com/wvanbergen/kazoo-go
  version: 968957352185472eacb69215fa3dbfcfdbac1096
- name: golang.org/x/crypto
  version: 9477e0b78b9ac3d0b03822fd95422e2fe07627cd
- name: golang.org/x/debug
  version: e48e17184ecf6cd503223592fb27874c510e44f7
- name: golang.org/x/net
  version: b400c2eff1badec7022a8c8f5bea058b6315eed7
  subpackages:
  - context
  - http2
  - http2/hpack
  - internal/timeseries
  - lex/httplex
  - trace
- name: golang.org/x/oauth2
  version: cce311a261e6fcf29de72ca96827bdb0b7d9c9e6
- name: golang.org/x/sync
  version: f52d1811a62927559de87708c8913c1650ce4f26
- name: golang.org/x/sys
  version: d75a52659825e75fff6158388dddc6a5b04f9ba5
  subpackages:
  - unix
- name: golang.org/x/text
  version: e56139fd9c5bc7244c76116c68e500765bb6db6b
- name: golang.org/x/time
  version: 8be79e1e0910c292df4e79c241bb7e8f7e725959
- name: golang.org/x/tools
  version: 513c731aab546b4628168d772550499740fe9dd2
- name: google.golang.org/api
  version: e6586c9293b9d514c7f5d5076731ec977cff1be6
  subpackages:
  - transport
- name: google.golang.org/genproto
  version: aa2eb687b4d3e17154372564ad8d6bf11c3cf21f
  subpackages:
  - protobuf
- name: google.golang.org/grpc
  version: 708a7f9f3283aa2d4f6132d287d78683babe55c8
  subpackages:
  - codes
  - credentials
  - grpclog
  - internal
  - metadata
  - naming
  - peer
  - stats
  - tap
  - transport
- name: gopkg.in/check.v1
  version: 20d25e2804050c1cd24a7eea1e7a6447dd0e74ec
- name: gopkg.in/gemnasium/logrus-airbrake-hook.v2
  version: 4df90cbe1e7c9b140b0551052dadb88397c82ca9
- name: gopkg.in/mgo.v2
  version: 3f83fa5005286a7fe593b055f0d7771a7dce4655
  subpackages:
  - bson
- name: gopkg.in/yaml.v2
  version: 31c299268d302dd0aa9a0dcf765a3d58971ac83f
testImports: []
