hash: c5a8094b7bdc637d03f6916e1692a8f6e309c9d69e06a79744ef79b8eabbc638
updated: 2017-08-20T00:18:49.816170892Z
imports:
- name: github.com/davecgh/go-spew
  version: 5215b55f46b2b919f50a1df0eaa5886afe4e3b3d
  subpackages:
  - spew
- name: github.com/eapache/go-resiliency
  version: 6800482f2c813e689c88b7ed3282262385011890
  subpackages:
  - breaker
- name: github.com/eapache/go-xerial-snappy
  version: bb955e01b9346ac19dc29eb16586c90ded99a98c
- name: github.com/eapache/queue
  version: d1df561eb6b9ffdac8dd98f943e9e9096c76c059
- name: github.com/golang/protobuf
  version: 8ee79997227bf9b34611aee7946ae64735e6fd93
  subpackages:
  - proto
- name: github.com/golang/snappy
  version: 1963d058044b19e16595f80d5050fa54e2070438
- name: github.com/gorilla/context
  version: 215affda49addc4c8ef7e2534915df2c8c35c6cd
- name: github.com/gorilla/mux
  version: 8096f47503459bcc74d1f4c487b7e6e42e5746b5
- name: github.com/mailgun/holster
  version: 91db52db577949c04574aa1e5ca38c36ab92e4c0
  subpackages:
  - errors
  - stack
- name: github.com/mailgun/logrus-hooks
  version: 5ee121b6e962bf95caf2804f475bfcb9305ba6f6
  subpackages:
  - common
  - kafkahook
  - levelfilter
- name: github.com/mailru/easyjson
  version: 2f5df55504ebc322e4d52d34df6a1f5b503bf26d
  subpackages:
  - buffer
  - jlexer
  - jwriter
- name: github.com/pierrec/lz4
  version: 90290f74b1b4d9c097f0a3b3c7eba2ef3875c699
- name: github.com/pierrec/xxHash
  version: 5a004441f897722c627870a981d02b29924215fa
  subpackages:
  - xxHash32
- name: github.com/pkg/errors
  version: 248dadf4e9068a0b3e79f02ed0a610d935de5302
- name: github.com/rcrowley/go-metrics
  version: 1f30fe9094a513ce4c700b9a54458bbb0c96996c
- name: github.com/samuel/go-zookeeper
  version: 1d7be4effb13d2d908342d349d71a284a7542693
  subpackages:
  - zk
- name: github.com/Shopify/sarama
  version: c01858abb625b73a3af51d0798e4ad42c8147093
- name: github.com/sirupsen/logrus
  version: 7f976d3a76720c4c27af2ba716b85d2e0a7e38b1
  subpackages:
  - hooks/syslog
- name: github.com/wvanbergen/kazoo-go
  version: 968957352185472eacb69215fa3dbfcfdbac1096
- name: golang.org/x/net
  version: b400c2eff1badec7022a8c8f5bea058b6315eed7
  subpackages:
  - context
  - http2
  - http2/hpack
  - internal/timeseries
  - lex/httplex
  - trace
- name: golang.org/x/sys
  version: d75a52659825e75fff6158388dddc6a5b04f9ba5
  subpackages:
  - unix
- name: google.golang.org/grpc
  version: 708a7f9f3283aa2d4f6132d287d78683babe55c8
  subpackages:
  - codes
  - credentials
  - grpclog
  - internal
  - metadata
  - naming
  - peer
  - stats
  - tap
  - transport
- name: gopkg.in/check.v1
  version: 20d25e2804050c1cd24a7eea1e7a6447dd0e74ec
- name: gopkg.in/yaml.v2
  version: 31c299268d302dd0aa9a0dcf765a3d58971ac83f
testImports: []
